
Microsoft Visual Studio Solution File, Format Version 12.00
# Visual Studio 15
VisualStudioVersion = 15.0.28307.421
MinimumVisualStudioVersion = 10.0.40219.1
Project("{FAE04EC0-301F-11D3-BF4B-00C04F79EFBC}") = "Quitanda", "Quitanda\Quitanda.csproj", "{854FC279-DA90-4FF4-A0FC-957C5A991C3E}"
EndProject
Global
	GlobalSection(SolutionConfigurationPlatforms) = preSolution
		Debug|Any CPU = Debug|Any CPU
		Release|Any CPU = Release|Any CPU
	EndGlobalSection
	GlobalSection(ProjectConfigurationPlatforms) = postSolution
		{854FC279-DA90-4FF4-A0FC-957C5A991C3E}.Debug|Any CPU.ActiveCfg = Debug|Any CPU
		{854FC279-DA90-4FF4-A0FC-957C5A991C3E}.Debug|Any CPU.Build.0 = Debug|Any CPU
		{854FC279-DA90-4FF4-A0FC-957C5A991C3E}.Release|Any CPU.ActiveCfg = Release|Any CPU
		{854FC279-DA90-4FF4-A0FC-957C5A991C3E}.Release|Any CPU.Build.0 = Release|Any CPU
	EndGlobalSection
	GlobalSection(SolutionProperties) = preSolution
		HideSolutionNode = FALSE
	EndGlobalSection
	GlobalSection(ExtensibilityGlobals) = postSolution
		SolutionGuid = {A584F55E-9C2E-48ED-9C28-5DB867687AD0}
	EndGlobalSection
EndGlobal
